{
  "originHash" : "3291dbb33922ce36c22b90713335195658a0672ec9059869b5353bc1d0355a66",
  "pins" : [
    {
      "identity" : "spmopensimplex2",
      "kind" : "remoteSourceControl",
      "location" : "https://github.com/andystanton/SPMOpenSimplex2.git",
      "state" : {
        "revision" : "54fef25b02f1b8afd827dd53495a1c12a77659a4",
        "version" : "0.0.10"
      }
    }
  ],
  "version" : 3
}
